
Microsoft Visual Studio Solution File, Format Version 12.00
# Visual Studio Version 17
VisualStudioVersion = 17.4.33403.182
MinimumVisualStudioVersion = 10.0.40219.1
Project("{FAE04EC0-301F-11D3-BF4B-00C04F79EFBC}") = "lab20", "lab20\lab20.csproj", "{7BA7AF0E-E37C-4391-B61A-BAB0EA5B90EC}"
EndProject
Global
	GlobalSection(SolutionConfigurationPlatforms) = preSolution
		Debug|Any CPU = Debug|Any CPU
		Release|Any CPU = Release|Any CPU
	EndGlobalSection
	GlobalSection(ProjectConfigurationPlatforms) = postSolution
		{7BA7AF0E-E37C-4391-B61A-BAB0EA5B90EC}.Debug|Any CPU.ActiveCfg = Debug|Any CPU
		{7BA7AF0E-E37C-4391-B61A-BAB0EA5B90EC}.Debug|Any CPU.Build.0 = Debug|Any CPU
		{7BA7AF0E-E37C-4391-B61A-BAB0EA5B90EC}.Release|Any CPU.ActiveCfg = Release|Any CPU
		{7BA7AF0E-E37C-4391-B61A-BAB0EA5B90EC}.Release|Any CPU.Build.0 = Release|Any CPU
	EndGlobalSection
	GlobalSection(SolutionProperties) = preSolution
		HideSolutionNode = FALSE
	EndGlobalSection
	GlobalSection(ExtensibilityGlobals) = postSolution
		SolutionGuid = {0BECE189-4811-40F3-9FA9-85939DD3269E}
	EndGlobalSection
EndGlobal
